
Microsoft Visual Studio Solution File, Format Version 12.00
# Visual Studio Version 17
VisualStudioVersion = 17.8.34330.188
MinimumVisualStudioVersion = 10.0.40219.1
Project("{9A19103F-16F7-4668-BE54-9A1E7A4F7556}") = "Servicio001", "Servicio001\Servicio001.csproj", "{006143BC-F428-44A3-9B0A-01D190324263}"
EndProject
Project("{9A19103F-16F7-4668-BE54-9A1E7A4F7556}") = "Ejercicio estructurado", "Ejercicio estructurado\Ejercicio estructurado.csproj", "{A005EAAC-FC01-4449-AF46-C85B2E7DC57E}"
EndProject
Project("{FAE04EC0-301F-11D3-BF4B-00C04F79EFBC}") = "ERP", "ERP\ERP.csproj", "{CCDB9606-BE63-4581-8BBB-BFEE027EFBAF}"
EndProject
Project("{FAE04EC0-301F-11D3-BF4B-00C04F79EFBC}") = "Entity", "Entity\Entity.csproj", "{1D8C84C0-7745-4190-9F91-BD521B438C9E}"
EndProject
Global
	GlobalSection(SolutionConfigurationPlatforms) = preSolution
		Debug|Any CPU = Debug|Any CPU
		Release|Any CPU = Release|Any CPU
	EndGlobalSection
	GlobalSection(ProjectConfigurationPlatforms) = postSolution
		{006143BC-F428-44A3-9B0A-01D190324263}.Debug|Any CPU.ActiveCfg = Debug|Any CPU
		{006143BC-F428-44A3-9B0A-01D190324263}.Debug|Any CPU.Build.0 = Debug|Any CPU
		{006143BC-F428-44A3-9B0A-01D190324263}.Release|Any CPU.ActiveCfg = Release|Any CPU
		{006143BC-F428-44A3-9B0A-01D190324263}.Release|Any CPU.Build.0 = Release|Any CPU
		{A005EAAC-FC01-4449-AF46-C85B2E7DC57E}.Debug|Any CPU.ActiveCfg = Debug|Any CPU
		{A005EAAC-FC01-4449-AF46-C85B2E7DC57E}.Debug|Any CPU.Build.0 = Debug|Any CPU
		{A005EAAC-FC01-4449-AF46-C85B2E7DC57E}.Release|Any CPU.ActiveCfg = Release|Any CPU
		{A005EAAC-FC01-4449-AF46-C85B2E7DC57E}.Release|Any CPU.Build.0 = Release|Any CPU
		{CCDB9606-BE63-4581-8BBB-BFEE027EFBAF}.Debug|Any CPU.ActiveCfg = Debug|Any CPU
		{CCDB9606-BE63-4581-8BBB-BFEE027EFBAF}.Debug|Any CPU.Build.0 = Debug|Any CPU
		{CCDB9606-BE63-4581-8BBB-BFEE027EFBAF}.Release|Any CPU.ActiveCfg = Release|Any CPU
		{CCDB9606-BE63-4581-8BBB-BFEE027EFBAF}.Release|Any CPU.Build.0 = Release|Any CPU
		{1D8C84C0-7745-4190-9F91-BD521B438C9E}.Debug|Any CPU.ActiveCfg = Debug|Any CPU
		{1D8C84C0-7745-4190-9F91-BD521B438C9E}.Debug|Any CPU.Build.0 = Debug|Any CPU
		{1D8C84C0-7745-4190-9F91-BD521B438C9E}.Release|Any CPU.ActiveCfg = Release|Any CPU
		{1D8C84C0-7745-4190-9F91-BD521B438C9E}.Release|Any CPU.Build.0 = Release|Any CPU
	EndGlobalSection
	GlobalSection(SolutionProperties) = preSolution
		HideSolutionNode = FALSE
	EndGlobalSection
	GlobalSection(ExtensibilityGlobals) = postSolution
		SolutionGuid = {C50A1401-6FCF-4028-A41C-5B1DEF689B68}
	EndGlobalSection
EndGlobal
